
Microsoft Visual Studio Solution File, Format Version 12.00
# Visual Studio Version 17
VisualStudioVersion = 17.2.32630.192
MinimumVisualStudioVersion = 10.0.40219.1
Project("{8BC9CEB8-8B4A-11D0-8D11-00A0C91BC942}") = "Practices", "Practices\Practices.vcxproj", "{F4A26E27-D8F1-433E-8AA3-CFD2A16881C6}"
EndProject
Project("{8BC9CEB8-8B4A-11D0-8D11-00A0C91BC942}") = "Practices2", "Practices2\Practices2.vcxproj", "{2873CF1D-20B0-447E-A277-5741F4067E19}"
EndProject
Global
	GlobalSection(SolutionConfigurationPlatforms) = preSolution
		Debug|x64 = Debug|x64
		Debug|x86 = Debug|x86
		Release|x64 = Release|x64
		Release|x86 = Release|x86
	EndGlobalSection
	GlobalSection(ProjectConfigurationPlatforms) = postSolution
		{F4A26E27-D8F1-433E-8AA3-CFD2A16881C6}.Debug|x64.ActiveCfg = Debug|x64
		{F4A26E27-D8F1-433E-8AA3-CFD2A16881C6}.Debug|x64.Build.0 = Debug|x64
		{F4A26E27-D8F1-433E-8AA3-CFD2A16881C6}.Debug|x86.ActiveCfg = Debug|Win32
		{F4A26E27-D8F1-433E-8AA3-CFD2A16881C6}.Debug|x86.Build.0 = Debug|Win32
		{F4A26E27-D8F1-433E-8AA3-CFD2A16881C6}.Release|x64.ActiveCfg = Release|x64
		{F4A26E27-D8F1-433E-8AA3-CFD2A16881C6}.Release|x64.Build.0 = Release|x64
		{F4A26E27-D8F1-433E-8AA3-CFD2A16881C6}.Release|x86.ActiveCfg = Release|Win32
		{F4A26E27-D8F1-433E-8AA3-CFD2A16881C6}.Release|x86.Build.0 = Release|Win32
		{2873CF1D-20B0-447E-A277-5741F4067E19}.Debug|x64.ActiveCfg = Debug|x64
		{2873CF1D-20B0-447E-A277-5741F4067E19}.Debug|x64.Build.0 = Debug|x64
		{2873CF1D-20B0-447E-A277-5741F4067E19}.Debug|x86.ActiveCfg = Debug|Win32
		{2873CF1D-20B0-447E-A277-5741F4067E19}.Debug|x86.Build.0 = Debug|Win32
		{2873CF1D-20B0-447E-A277-5741F4067E19}.Release|x64.ActiveCfg = Release|x64
		{2873CF1D-20B0-447E-A277-5741F4067E19}.Release|x64.Build.0 = Release|x64
		{2873CF1D-20B0-447E-A277-5741F4067E19}.Release|x86.ActiveCfg = Release|Win32
		{2873CF1D-20B0-447E-A277-5741F4067E19}.Release|x86.Build.0 = Release|Win32
	EndGlobalSection
	GlobalSection(SolutionProperties) = preSolution
		HideSolutionNode = FALSE
	EndGlobalSection
	GlobalSection(ExtensibilityGlobals) = postSolution
		SolutionGuid = {8C4E775D-CDF2-4D5F-B2A2-8595A1B87168}
	EndGlobalSection
EndGlobal
